// !$*UTF8*$!
{
	archiveVersion = 1;
	classes = {
	};
	objectVersion = 50;
	objects = {

/* Begin PBXBuildFile section */
		CAA7E1A524DEECD600C5D795 /* AppDelegate.swift in Sources */ = {isa = PBXBuildFile; fileRef = CAA7E1A424DEECD600C5D795 /* AppDelegate.swift */; };
		CAA7E1A724DEECD600C5D795 /* SceneDelegate.swift in Sources */ = {isa = PBXBuildFile; fileRef = CAA7E1A624DEECD600C5D795 /* SceneDelegate.swift */; };
		CAA7E1A924DEECD600C5D795 /* ViewController.swift in Sources */ = {isa = PBXBuildFile; fileRef = CAA7E1A824DEECD600C5D795 /* ViewController.swift */; };
		CAA7E1AC24DEECD600C5D795 /* Main.storyboard in Resources */ = {isa = PBXBuildFile; fileRef = CAA7E1AA24DEECD600C5D795 /* Main.storyboard */; };
		CAA7E1AE24DEECD700C5D795 /* Assets.xcassets in Resources */ = {isa = PBXBuildFile; fileRef = CAA7E1AD24DEECD700C5D795 /* Assets.xcassets */; };
		CAA7E1B124DEECD700C5D795 /* LaunchScreen.storyboard in Resources */ = {isa = PBXBuildFile; fileRef = CAA7E1AF24DEECD700C5D795 /* LaunchScreen.storyboard */; };
		CAA7E1BA24DEEE7200C5D795 /* LongChackMan.jpg in Resources */ = {isa = PBXBuildFile; fileRef = CAA7E1B824DEEE7100C5D795 /* LongChackMan.jpg */; };
		CAA7E1BB24DEEE7200C5D795 /* CalmdownMain.png in Resources */ = {isa = PBXBuildFile; fileRef = CAA7E1B924DEEE7100C5D795 /* CalmdownMain.png */; };
/* End PBXBuildFile section */

/* Begin PBXFileReference section */
		CAA7E1A124DEECD600C5D795 /* ImageView.app */ = {isa = PBXFileReference; explicitFileType = wrapper.application; includeInIndex = 0; path = ImageView.app; sourceTree = BUILT_PRODUCTS_DIR; };
		CAA7E1A424DEECD600C5D795 /* AppDelegate.swift */ = {isa = PBXFileReference; lastKnownFileType = sourcecode.swift; path = AppDelegate.swift; sourceTree = "<group>"; };
		CAA7E1A624DEECD600C5D795 /* SceneDelegate.swift */ = {isa = PBXFileReference; lastKnownFileType = sourcecode.swift; path = SceneDelegate.swift; sourceTree = "<group>"; };
		CAA7E1A824DEECD600C5D795 /* ViewController.swift */ = {isa = PBXFileReference; lastKnownFileType = sourcecode.swift; path = ViewController.swift; sourceTree = "<group>"; };
		CAA7E1AB24DEECD600C5D795 /* Base */ = {isa = PBXFileReference; lastKnownFileType = file.storyboard; name = Base; path = Base.lproj/Main.storyboard; sourceTree = "<group>"; };
		CAA7E1AD24DEECD700C5D795 /* Assets.xcassets */ = {isa = PBXFileReference; lastKnownFileType = folder.assetcatalog; path = Assets.xcassets; sourceTree = "<group>"; };
		CAA7E1B024DEECD700C5D795 /* Base */ = {isa = PBXFileReference; lastKnownFileType = file.storyboard; name = Base; path = Base.lproj/LaunchScreen.storyboard; sourceTree = "<group>"; };
		CAA7E1B224DEECD700C5D795 /* Info.plist */ = {isa = PBXFileReference; lastKnownFileType = text.plist.xml; path = Info.plist; sourceTree = "<group>"; };
		CAA7E1B824DEEE7100C5D795 /* LongChackMan.jpg */ = {isa = PBXFileReference; lastKnownFileType = image.jpeg; name = LongChackMan.jpg; path = ../../LongChackMan.jpg; sourceTree = "<group>"; };
		CAA7E1B924DEEE7100C5D795 /* CalmdownMain.png */ = {isa = PBXFileReference; lastKnownFileType = image.png; name = CalmdownMain.png; path = ../../CalmdownMain.png; sourceTree = "<group>"; };
/* End PBXFileReference section */

/* Begin PBXFrameworksBuildPhase section */
		CAA7E19E24DEECD600C5D795 /* Frameworks */ = {
			isa = PBXFrameworksBuildPhase;
			buildActionMask = 2147483647;
			files = (
			);
			runOnlyForDeploymentPostprocessing = 0;
		};
/* End PBXFrameworksBuildPhase section */

/* Begin PBXGroup section */
		CAA7E19824DEECD600C5D795 = {
			isa = PBXGroup;
			children = (
				CAA7E1A324DEECD600C5D795 /* ImageView */,
				CAA7E1A224DEECD600C5D795 /* Products */,
			);
			sourceTree = "<group>";
		};
		CAA7E1A224DEECD600C5D795 /* Products */ = {
			isa = PBXGroup;
			children = (
				CAA7E1A124DEECD600C5D795 /* ImageView.app */,
			);
			name = Products;
			sourceTree = "<group>";
		};
		CAA7E1A324DEECD600C5D795 /* ImageView */ = {
			isa = PBXGroup;
			children = (
				CAA7E1B924DEEE7100C5D795 /* CalmdownMain.png */,
				CAA7E1B824DEEE7100C5D795 /* LongChackMan.jpg */,
				CAA7E1A424DEECD600C5D795 /* AppDelegate.swift */,
				CAA7E1A624DEECD600C5D795 /* SceneDelegate.swift */,
				CAA7E1A824DEECD600C5D795 /* ViewController.swift */,
				CAA7E1AA24DEECD600C5D795 /* Main.storyboard */,
				CAA7E1AD24DEECD700C5D795 /* Assets.xcassets */,
				CAA7E1AF24DEECD700C5D795 /* LaunchScreen.storyboard */,
				CAA7E1B224DEECD700C5D795 /* Info.plist */,
			);
			path = ImageView;
			sourceTree = "<group>";
		};
/* End PBXGroup section */

/* Begin PBXNativeTarget section */
		CAA7E1A024DEECD600C5D795 /* ImageView */ = {
			isa = PBXNativeTarget;
			buildConfigurationList = CAA7E1B524DEECD700C5D795 /* Build configuration list for PBXNativeTarget "ImageView" */;
			buildPhases = (
				CAA7E19D24DEECD600C5D795 /* Sources */,
				CAA7E19E24DEECD600C5D795 /* Frameworks */,
				CAA7E19F24DEECD600C5D795 /* Resources */,
			);
			buildRules = (
			);
			dependencies = (
			);
			name = ImageView;
			productName = ImageView;
			productReference = CAA7E1A124DEECD600C5D795 /* ImageView.app */;
			productType = "com.apple.product-type.application";
		};
/* End PBXNativeTarget section */

/* Begin PBXProject section */
		CAA7E19924DEECD600C5D795 /* Project object */ = {
			isa = PBXProject;
			attributes = {
				LastSwiftUpdateCheck = 1160;
				LastUpgradeCheck = 1160;
				ORGANIZATIONNAME = MCHyun;
				TargetAttributes = {
					CAA7E1A024DEECD600C5D795 = {
						CreatedOnToolsVersion = 11.6;
					};
				};
			};
			buildConfigurationList = CAA7E19C24DEECD600C5D795 /* Build configuration list for PBXProject "ImageView" */;
			compatibilityVersion = "Xcode 9.3";
			developmentRegion = en;
			hasScannedForEncodings = 0;
			knownRegions = (
				en,
				Base,
			);
			mainGroup = CAA7E19824DEECD600C5D795;
			productRefGroup = CAA7E1A224DEECD600C5D795 /* Products */;
			projectDirPath = "";
			projectRoot = "";
			targets = (
				CAA7E1A024DEECD600C5D795 /* ImageView */,
			);
		};
/* End PBXProject section */

/* Begin PBXResourcesBuildPhase section */
		CAA7E19F24DEECD600C5D795 /* Resources */ = {
			isa = PBXResourcesBuildPhase;
			buildActionMask = 2147483647;
			files = (
				CAA7E1B124DEECD700C5D795 /* LaunchScreen.storyboard in Resources */,
				CAA7E1BA24DEEE7200C5D795 /* LongChackMan.jpg in Resources */,
				CAA7E1BB24DEEE7200C5D795 /* CalmdownMain.png in Resources */,
				CAA7E1AE24DEECD700C5D795 /* Assets.xcassets in Resources */,
				CAA7E1AC24DEECD600C5D795 /* Main.storyboard in Resources */,
			);
			runOnlyForDeploymentPostprocessing = 0;
		};
/* End PBXResourcesBuildPhase section */

/* Begin PBXSourcesBuildPhase section */
		CAA7E19D24DEECD600C5D795 /* Sources */ = {
			isa = PBXSourcesBuildPhase;
			buildActionMask = 2147483647;
			files = (
				CAA7E1A924DEECD600C5D795 /* ViewController.swift in Sources */,
				CAA7E1A524DEECD600C5D795 /* AppDelegate.swift in Sources */,
				CAA7E1A724DEECD600C5D795 /* SceneDelegate.swift in Sources */,
			);
			runOnlyForDeploymentPostprocessing = 0;
		};
/* End PBXSourcesBuildPhase section */

/* Begin PBXVariantGroup section */
		CAA7E1AA24DEECD600C5D795 /* Main.storyboard */ = {
			isa = PBXVariantGroup;
			children = (
				CAA7E1AB24DEECD600C5D795 /* Base */,
			);
			name = Main.storyboard;
			sourceTree = "<group>";
		};
		CAA7E1AF24DEECD700C5D795 /* LaunchScreen.storyboard */ = {
			isa = PBXVariantGroup;
			children = (
				CAA7E1B024DEECD700C5D795 /* Base */,
			);
			name = LaunchScreen.storyboard;
			sourceTree = "<group>";
		};
/* End PBXVariantGroup section */

/* Begin XCBuildConfiguration section */
		CAA7E1B324DEECD700C5D795 /* Debug */ = {
			isa = XCBuildConfiguration;
			buildSettings = {
				ALWAYS_SEARCH_USER_PATHS = NO;
				CLANG_ANALYZER_NONNULL = YES;
				CLANG_ANALYZER_NUMBER_OBJECT_CONVERSION = YES_AGGRESSIVE;
				CLANG_CXX_LANGUAGE_STANDARD = "gnu++14";
				CLANG_CXX_LIBRARY = "libc++";
				CLANG_ENABLE_MODULES = YES;
				CLANG_ENABLE_OBJC_ARC = YES;
				CLANG_ENABLE_OBJC_WEAK = YES;
				CLANG_WARN_BLOCK_CAPTURE_AUTORELEASING = YES;
				CLANG_WARN_BOOL_CONVERSION = YES;
				CLANG_WARN_COMMA = YES;
				CLANG_WARN_CONSTANT_CONVERSION = YES;
				CLANG_WARN_DEPRECATED_OBJC_IMPLEMENTATIONS = YES;
				CLANG_WARN_DIRECT_OBJC_ISA_USAGE = YES_ERROR;
				CLANG_WARN_DOCUMENTATION_COMMENTS = YES;
				CLANG_WARN_EMPTY_BODY = YES;
				CLANG_WARN_ENUM_CONVERSION = YES;
				CLANG_WARN_INFINITE_RECURSION = YES;
				CLANG_WARN_INT_CONVERSION = YES;
				CLANG_WARN_NON_LITERAL_NULL_CONVERSION = YES;
				CLANG_WARN_OBJC_IMPLICIT_RETAIN_SELF = YES;
				CLANG_WARN_OBJC_LITERAL_CONVERSION = YES;
				CLANG_WARN_OBJC_ROOT_CLASS = YES_ERROR;
				CLANG_WARN_RANGE_LOOP_ANALYSIS = YES;
				CLANG_WARN_STRICT_PROTOTYPES = YES;
				CLANG_WARN_SUSPICIOUS_MOVE = YES;
				CLANG_WARN_UNGUARDED_AVAILABILITY = YES_AGGRESSIVE;
				CLANG_WARN_UNREACHABLE_CODE = YES;
				CLANG_WARN__DUPLICATE_METHOD_MATCH = YES;
				COPY_PHASE_STRIP = NO;
				DEBUG_INFORMATION_FORMAT = dwarf;
				ENABLE_STRICT_OBJC_MSGSEND = YES;
				ENABLE_TESTABILITY = YES;
				GCC_C_LANGUAGE_STANDARD = gnu11;
				GCC_DYNAMIC_NO_PIC = NO;
				GCC_NO_COMMON_BLOCKS = YES;
				GCC_OPTIMIZATION_LEVEL = 0;
				GCC_PREPROCESSOR_DEFINITIONS = (
					"DEBUG=1",
					"$(inherited)",
				);
				GCC_WARN_64_TO_32_BIT_CONVERSION = YES;
				GCC_WARN_ABOUT_RETURN_TYPE = YES_ERROR;
				GCC_WARN_UNDECLARED_SELECTOR = YES;
				GCC_WARN_UNINITIALIZED_AUTOS = YES_AGGRESSIVE;
				GCC_WARN_UNUSED_FUNCTION = YES;
				GCC_WARN_UNUSED_VARIABLE = YES;
				IPHONEOS_DEPLOYMENT_TARGET = 13.6;
				MTL_ENABLE_DEBUG_INFO = INCLUDE_SOURCE;
				MTL_FAST_MATH = YES;
				ONLY_ACTIVE_ARCH = YES;
				SDKROOT = iphoneos;
				SWIFT_ACTIVE_COMPILATION_CONDITIONS = DEBUG;
				SWIFT_OPTIMIZATION_LEVEL = "-Onone";
			};
			name = Debug;
		};
		CAA7E1B424DEECD700C5D795 /* Release */ = {
			isa = XCBuildConfiguration;
			buildSettings = {
				ALWAYS_SEARCH_USER_PATHS = NO;
				CLANG_ANALYZER_NONNULL = YES;
				CLANG_ANALYZER_NUMBER_OBJECT_CONVERSION = YES_AGGRESSIVE;
				CLANG_CXX_LANGUAGE_STANDARD = "gnu++14";
				CLANG_CXX_LIBRARY = "libc++";
				CLANG_ENABLE_MODULES = YES;
				CLANG_ENABLE_OBJC_ARC = YES;
				CLANG_ENABLE_OBJC_WEAK = YES;
				CLANG_WARN_BLOCK_CAPTURE_AUTORELEASING = YES;
				CLANG_WARN_BOOL_CONVERSION = YES;
				CLANG_WARN_COMMA = YES;
				CLANG_WARN_CONSTANT_CONVERSION = YES;
				CLANG_WARN_DEPRECATED_OBJC_IMPLEMENTATIONS = YES;
				CLANG_WARN_DIRECT_OBJC_ISA_USAGE = YES_ERROR;
				CLANG_WARN_DOCUMENTATION_COMMENTS = YES;
				CLANG_WARN_EMPTY_BODY = YES;
				CLANG_WARN_ENUM_CONVERSION = YES;
				CLANG_WARN_INFINITE_RECURSION = YES;
				CLANG_WARN_INT_CONVERSION = YES;
				CLANG_WARN_NON_LITERAL_NULL_CONVERSION = YES;
				CLANG_WARN_OBJC_IMPLICIT_RETAIN_SELF = YES;
				CLANG_WARN_OBJC_LITERAL_CONVERSION = YES;
				CLANG_WARN_OBJC_ROOT_CLASS = YES_ERROR;
				CLANG_WARN_RANGE_LOOP_ANALYSIS = YES;
				CLANG_WARN_STRICT_PROTOTYPES = YES;
				CLANG_WARN_SUSPICIOUS_MOVE = YES;
				CLANG_WARN_UNGUARDED_AVAILABILITY = YES_AGGRESSIVE;
				CLANG_WARN_UNREACHABLE_CODE = YES;
				CLANG_WARN__DUPLICATE_METHOD_MATCH = YES;
				COPY_PHASE_STRIP = NO;
				DEBUG_INFORMATION_FORMAT = "dwarf-with-dsym";
				ENABLE_NS_ASSERTIONS = NO;
				ENABLE_STRICT_OBJC_MSGSEND = YES;
				GCC_C_LANGUAGE_STANDARD = gnu11;
				GCC_NO_COMMON_BLOCKS = YES;
				GCC_WARN_64_TO_32_BIT_CONVERSION = YES;
				GCC_WARN_ABOUT_RETURN_TYPE = YES_ERROR;
				GCC_WARN_UNDECLARED_SELECTOR = YES;
				GCC_WARN_UNINITIALIZED_AUTOS = YES_AGGRESSIVE;
				GCC_WARN_UNUSED_FUNCTION = YES;
				GCC_WARN_UNUSED_VARIABLE = YES;
				IPHONEOS_DEPLOYMENT_TARGET = 13.6;
				MTL_ENABLE_DEBUG_INFO = NO;
				MTL_FAST_MATH = YES;
				SDKROOT = iphoneos;
				SWIFT_COMPILATION_MODE = wholemodule;
				SWIFT_OPTIMIZATION_LEVEL = "-O";
				VALIDATE_PRODUCT = YES;
			};
			name = Release;
		};
		CAA7E1B624DEECD700C5D795 /* Debug */ = {
			isa = XCBuildConfiguration;
			buildSettings = {
				ASSETCATALOG_COMPILER_APPICON_NAME = AppIcon;
				CODE_SIGN_STYLE = Automatic;
				DEVELOPMENT_TEAM = AWR77X8V5R;
				INFOPLIST_FILE = ImageView/Info.plist;
				LD_RUNPATH_SEARCH_PATHS = (
					"$(inherited)",
					"@executable_path/Frameworks",
				);
				PRODUCT_BUNDLE_IDENTIFIER = kr.MCHyun.ImageView;
				PRODUCT_NAME = "$(TARGET_NAME)";
				SWIFT_VERSION = 5.0;
				TARGETED_DEVICE_FAMILY = "1,2";
			};
			name = Debug;
		};
		CAA7E1B724DEECD700C5D795 /* Release */ = {
			isa = XCBuildConfiguration;
			buildSettings = {
				ASSETCATALOG_COMPILER_APPICON_NAME = AppIcon;
				CODE_SIGN_STYLE = Automatic;
				DEVELOPMENT_TEAM = AWR77X8V5R;
				INFOPLIST_FILE = ImageView/Info.plist;
				LD_RUNPATH_SEARCH_PATHS = (
					"$(inherited)",
					"@executable_path/Frameworks",
				);
				PRODUCT_BUNDLE_IDENTIFIER = kr.MCHyun.ImageView;
				PRODUCT_NAME = "$(TARGET_NAME)";
				SWIFT_VERSION = 5.0;
				TARGETED_DEVICE_FAMILY = "1,2";
			};
			name = Release;
		};
/* End XCBuildConfiguration section */

/* Begin XCConfigurationList section */
		CAA7E19C24DEECD600C5D795 /* Build configuration list for PBXProject "ImageView" */ = {
			isa = XCConfigurationList;
			buildConfigurations = (
				CAA7E1B324DEECD700C5D795 /* Debug */,
				CAA7E1B424DEECD700C5D795 /* Release */,
			);
			defaultConfigurationIsVisible = 0;
			defaultConfigurationName = Release;
		};
		CAA7E1B524DEECD700C5D795 /* Build configuration list for PBXNativeTarget "ImageView" */ = {
			isa = XCConfigurationList;
			buildConfigurations = (
				CAA7E1B624DEECD700C5D795 /* Debug */,
				CAA7E1B724DEECD700C5D795 /* Release */,
			);
			defaultConfigurationIsVisible = 0;
			defaultConfigurationName = Release;
		};
/* End XCConfigurationList section */
	};
	rootObject = CAA7E19924DEECD600C5D795 /* Project object */;
}
